
Microsoft Visual Studio Solution File, Format Version 12.00
# Visual Studio Version 16
VisualStudioVersion = 16.0.31605.320
MinimumVisualStudioVersion = 10.0.40219.1
Project("{FAE04EC0-301F-11D3-BF4B-00C04F79EFBC}") = "DISEASE_PREDICTION", "DISEASE_PREDICTION\DISEASE_PREDICTION.csproj", "{B75C1401-6051-4D7D-9B38-A3B0C20F6051}"
EndProject
Global
	GlobalSection(SolutionConfigurationPlatforms) = preSolution
		Debug|Any CPU = Debug|Any CPU
		Release|Any CPU = Release|Any CPU
	EndGlobalSection
	GlobalSection(ProjectConfigurationPlatforms) = postSolution
		{B75C1401-6051-4D7D-9B38-A3B0C20F6051}.Debug|Any CPU.ActiveCfg = Debug|Any CPU
		{B75C1401-6051-4D7D-9B38-A3B0C20F6051}.Debug|Any CPU.Build.0 = Debug|Any CPU
		{B75C1401-6051-4D7D-9B38-A3B0C20F6051}.Release|Any CPU.ActiveCfg = Release|Any CPU
		{B75C1401-6051-4D7D-9B38-A3B0C20F6051}.Release|Any CPU.Build.0 = Release|Any CPU
	EndGlobalSection
	GlobalSection(SolutionProperties) = preSolution
		HideSolutionNode = FALSE
	EndGlobalSection
	GlobalSection(ExtensibilityGlobals) = postSolution
		SolutionGuid = {F6CAA58B-C913-47E3-B897-21131EBC074E}
	EndGlobalSection
EndGlobal
